
Microsoft Visual Studio Solution File, Format Version 12.00
# Visual Studio 2012
Project("{FAE04EC0-301F-11D3-BF4B-00C04F79EFBC}") = "Rovia.UI.Automation.Tests", "Rovia.UI.Automation.Tests\Rovia.UI.Automation.Tests.csproj", "{345FD97B-731D-4578-AE68-B1F483BA4E37}"
EndProject
Project("{2150E333-8FDC-42A3-9474-1A3956D46DE8}") = "0. References", "0. References", "{2F50C0F2-E95A-463D-A64C-15C65F1EFA99}"
EndProject
Project("{2150E333-8FDC-42A3-9474-1A3956D46DE8}") = "AppacitiveLoggingFramework", "AppacitiveLoggingFramework", "{290CC6DB-3A94-4798-88D7-867A6D5D39FB}"
	ProjectSection(SolutionItems) = preProject
		References\AppacitiveLoggingFramework\AppacitiveAutomationFramework.dll = References\AppacitiveLoggingFramework\AppacitiveAutomationFramework.dll
		References\AppacitiveLoggingFramework\chromedriver.exe = References\AppacitiveLoggingFramework\chromedriver.exe
		References\AppacitiveLoggingFramework\Selenium.WebDriverBackedSelenium.dll = References\AppacitiveLoggingFramework\Selenium.WebDriverBackedSelenium.dll
		References\AppacitiveLoggingFramework\Tavisca.Testing.Platform.dll = References\AppacitiveLoggingFramework\Tavisca.Testing.Platform.dll
		References\AppacitiveLoggingFramework\ThoughtWorks.Selenium.Core.dll = References\AppacitiveLoggingFramework\ThoughtWorks.Selenium.Core.dll
		References\AppacitiveLoggingFramework\WebDriver.dll = References\AppacitiveLoggingFramework\WebDriver.dll
		References\AppacitiveLoggingFramework\WebDriver.Support.dll = References\AppacitiveLoggingFramework\WebDriver.Support.dll
	EndProjectSection
EndProject
Project("{2150E333-8FDC-42A3-9474-1A3956D46DE8}") = "1. Tests", "1. Tests", "{CF664EEF-96E2-43CA-B21D-EC23345806AD}"
EndProject
Project("{2150E333-8FDC-42A3-9474-1A3956D46DE8}") = "Solution Items", "Solution Items", "{30266F91-611E-4574-A23D-4C9199C0BD6A}"
	ProjectSection(SolutionItems) = preProject
		Local.testsettings = Local.testsettings
		Rovia-Automation.vsmdi = Rovia-Automation.vsmdi
	EndProjectSection
EndProject
Project("{2150E333-8FDC-42A3-9474-1A3956D46DE8}") = "2. Data", "2. Data", "{BF5E492C-1E7F-4E28-AE70-91E40DB112A8}"
EndProject
Project("{2150E333-8FDC-42A3-9474-1A3956D46DE8}") = "Model", "Model", "{D1215F9D-9945-4C7C-868C-768272ACB58B}"
EndProject
Project("{2150E333-8FDC-42A3-9474-1A3956D46DE8}") = "DataBinders", "DataBinders", "{99181186-4544-461D-9D81-9D5F4BA84FD6}"
EndProject
Project("{FAE04EC0-301F-11D3-BF4B-00C04F79EFBC}") = "Rovia.UI.Automation.DataBinder", "Rovia.UI.Automation.DataBinder\Rovia.UI.Automation.DataBinder.csproj", "{8F7B95ED-5702-4388-A0A3-A974107E80CD}"
EndProject
Project("{FAE04EC0-301F-11D3-BF4B-00C04F79EFBC}") = "Rovia.UI.Automation.ScenarioObjects", "Rovia.UI.Automation.ScenarioObjects\Rovia.UI.Automation.ScenarioObjects.csproj", "{21AE4471-A960-447B-B736-803EC7A64E0A}"
EndProject
Project("{FAE04EC0-301F-11D3-BF4B-00C04F79EFBC}") = "Rovia.UI.Automation.Criteria", "Rovia.UI.Automation.Criteria\Rovia.UI.Automation.Criteria.csproj", "{D8F99AF7-EBAF-431D-9BC9-8A47A42E217F}"
EndProject
Project("{FAE04EC0-301F-11D3-BF4B-00C04F79EFBC}") = "Rovia.UI.Automation.Validator", "Rovia.UI.Automation.Validator\Rovia.UI.Automation.Validator.csproj", "{523266B7-D188-4126-BA51-35D80628F8F6}"
EndProject
Project("{2150E333-8FDC-42A3-9474-1A3956D46DE8}") = "3. Utility", "3. Utility", "{36CFF5D1-7D1F-4ED7-AB01-EF7675149095}"
EndProject
Project("{2150E333-8FDC-42A3-9474-1A3956D46DE8}") = "Exceptions", "Exceptions", "{6CA27755-D98D-4B22-AAE5-070E88372CA6}"
EndProject
Project("{2150E333-8FDC-42A3-9474-1A3956D46DE8}") = "Validators", "Validators", "{7A69475B-9948-469E-89AF-F00173188936}"
EndProject
Project("{FAE04EC0-301F-11D3-BF4B-00C04F79EFBC}") = "Rovia.UI.Automation.Exceptions", "Rovia.UI.Automation.Exceptions\Rovia.UI.Automation.Exceptions.csproj", "{2433E2F8-ADCC-4B6E-87FA-2BDB60FD67E4}"
EndProject
Project("{2150E333-8FDC-42A3-9474-1A3956D46DE8}") = "Logger", "Logger", "{B2676A56-3EB7-47EF-A85C-1F405E87D3FD}"
EndProject
Project("{FAE04EC0-301F-11D3-BF4B-00C04F79EFBC}") = "Rovia.UI.Automation.Logger", "Rovia.UI.Automation.Logger\Rovia.UI.Automation.Logger.csproj", "{6537DEE2-BB5F-4F94-B774-BD2B8A079EC1}"
EndProject
Global
	GlobalSection(TestCaseManagementSettings) = postSolution
		CategoryFile = Rovia-Automation.vsmdi
	EndGlobalSection
	GlobalSection(SolutionConfigurationPlatforms) = preSolution
		Debug|Any CPU = Debug|Any CPU
		Release|Any CPU = Release|Any CPU
	EndGlobalSection
	GlobalSection(ProjectConfigurationPlatforms) = postSolution
		{345FD97B-731D-4578-AE68-B1F483BA4E37}.Debug|Any CPU.ActiveCfg = Debug|Any CPU
		{345FD97B-731D-4578-AE68-B1F483BA4E37}.Debug|Any CPU.Build.0 = Debug|Any CPU
		{345FD97B-731D-4578-AE68-B1F483BA4E37}.Release|Any CPU.ActiveCfg = Release|Any CPU
		{345FD97B-731D-4578-AE68-B1F483BA4E37}.Release|Any CPU.Build.0 = Release|Any CPU
		{8F7B95ED-5702-4388-A0A3-A974107E80CD}.Debug|Any CPU.ActiveCfg = Debug|Any CPU
		{8F7B95ED-5702-4388-A0A3-A974107E80CD}.Debug|Any CPU.Build.0 = Debug|Any CPU
		{8F7B95ED-5702-4388-A0A3-A974107E80CD}.Release|Any CPU.ActiveCfg = Release|Any CPU
		{8F7B95ED-5702-4388-A0A3-A974107E80CD}.Release|Any CPU.Build.0 = Release|Any CPU
		{21AE4471-A960-447B-B736-803EC7A64E0A}.Debug|Any CPU.ActiveCfg = Debug|Any CPU
		{21AE4471-A960-447B-B736-803EC7A64E0A}.Debug|Any CPU.Build.0 = Debug|Any CPU
		{21AE4471-A960-447B-B736-803EC7A64E0A}.Release|Any CPU.ActiveCfg = Release|Any CPU
		{21AE4471-A960-447B-B736-803EC7A64E0A}.Release|Any CPU.Build.0 = Release|Any CPU
		{D8F99AF7-EBAF-431D-9BC9-8A47A42E217F}.Debug|Any CPU.ActiveCfg = Debug|Any CPU
		{D8F99AF7-EBAF-431D-9BC9-8A47A42E217F}.Debug|Any CPU.Build.0 = Debug|Any CPU
		{D8F99AF7-EBAF-431D-9BC9-8A47A42E217F}.Release|Any CPU.ActiveCfg = Release|Any CPU
		{D8F99AF7-EBAF-431D-9BC9-8A47A42E217F}.Release|Any CPU.Build.0 = Release|Any CPU
		{523266B7-D188-4126-BA51-35D80628F8F6}.Debug|Any CPU.ActiveCfg = Debug|Any CPU
		{523266B7-D188-4126-BA51-35D80628F8F6}.Debug|Any CPU.Build.0 = Debug|Any CPU
		{523266B7-D188-4126-BA51-35D80628F8F6}.Release|Any CPU.ActiveCfg = Release|Any CPU
		{523266B7-D188-4126-BA51-35D80628F8F6}.Release|Any CPU.Build.0 = Release|Any CPU
		{2433E2F8-ADCC-4B6E-87FA-2BDB60FD67E4}.Debug|Any CPU.ActiveCfg = Debug|Any CPU
		{2433E2F8-ADCC-4B6E-87FA-2BDB60FD67E4}.Debug|Any CPU.Build.0 = Debug|Any CPU
		{2433E2F8-ADCC-4B6E-87FA-2BDB60FD67E4}.Release|Any CPU.ActiveCfg = Release|Any CPU
		{2433E2F8-ADCC-4B6E-87FA-2BDB60FD67E4}.Release|Any CPU.Build.0 = Release|Any CPU
		{6537DEE2-BB5F-4F94-B774-BD2B8A079EC1}.Debug|Any CPU.ActiveCfg = Debug|Any CPU
		{6537DEE2-BB5F-4F94-B774-BD2B8A079EC1}.Debug|Any CPU.Build.0 = Debug|Any CPU
		{6537DEE2-BB5F-4F94-B774-BD2B8A079EC1}.Release|Any CPU.ActiveCfg = Release|Any CPU
		{6537DEE2-BB5F-4F94-B774-BD2B8A079EC1}.Release|Any CPU.Build.0 = Release|Any CPU
	EndGlobalSection
	GlobalSection(SolutionProperties) = preSolution
		HideSolutionNode = FALSE
	EndGlobalSection
	GlobalSection(NestedProjects) = preSolution
		{345FD97B-731D-4578-AE68-B1F483BA4E37} = {CF664EEF-96E2-43CA-B21D-EC23345806AD}
		{290CC6DB-3A94-4798-88D7-867A6D5D39FB} = {2F50C0F2-E95A-463D-A64C-15C65F1EFA99}
		{D1215F9D-9945-4C7C-868C-768272ACB58B} = {BF5E492C-1E7F-4E28-AE70-91E40DB112A8}
		{99181186-4544-461D-9D81-9D5F4BA84FD6} = {BF5E492C-1E7F-4E28-AE70-91E40DB112A8}
		{21AE4471-A960-447B-B736-803EC7A64E0A} = {D1215F9D-9945-4C7C-868C-768272ACB58B}
		{D8F99AF7-EBAF-431D-9BC9-8A47A42E217F} = {D1215F9D-9945-4C7C-868C-768272ACB58B}
		{8F7B95ED-5702-4388-A0A3-A974107E80CD} = {99181186-4544-461D-9D81-9D5F4BA84FD6}
		{7A69475B-9948-469E-89AF-F00173188936} = {36CFF5D1-7D1F-4ED7-AB01-EF7675149095}
		{6CA27755-D98D-4B22-AAE5-070E88372CA6} = {36CFF5D1-7D1F-4ED7-AB01-EF7675149095}
		{B2676A56-3EB7-47EF-A85C-1F405E87D3FD} = {36CFF5D1-7D1F-4ED7-AB01-EF7675149095}
		{523266B7-D188-4126-BA51-35D80628F8F6} = {7A69475B-9948-469E-89AF-F00173188936}
		{2433E2F8-ADCC-4B6E-87FA-2BDB60FD67E4} = {6CA27755-D98D-4B22-AAE5-070E88372CA6}
		{6537DEE2-BB5F-4F94-B774-BD2B8A079EC1} = {B2676A56-3EB7-47EF-A85C-1F405E87D3FD}
	EndGlobalSection
EndGlobal
